
Microsoft Visual Studio Solution File, Format Version 12.00
# Visual Studio Version 17
VisualStudioVersion = 17.5.33516.290
MinimumVisualStudioVersion = 10.0.40219.1
Project("{FAE04EC0-301F-11D3-BF4B-00C04F79EFBC}") = "Enumerables", "Enumerables\Enumerables.csproj", "{A2192D0C-D3D7-42F7-8DB9-23D2C84D4BA4}"
EndProject
Global
	GlobalSection(SolutionConfigurationPlatforms) = preSolution
		Debug|Any CPU = Debug|Any CPU
		Release|Any CPU = Release|Any CPU
	EndGlobalSection
	GlobalSection(ProjectConfigurationPlatforms) = postSolution
		{A2192D0C-D3D7-42F7-8DB9-23D2C84D4BA4}.Debug|Any CPU.ActiveCfg = Debug|Any CPU
		{A2192D0C-D3D7-42F7-8DB9-23D2C84D4BA4}.Debug|Any CPU.Build.0 = Debug|Any CPU
		{A2192D0C-D3D7-42F7-8DB9-23D2C84D4BA4}.Release|Any CPU.ActiveCfg = Release|Any CPU
		{A2192D0C-D3D7-42F7-8DB9-23D2C84D4BA4}.Release|Any CPU.Build.0 = Release|Any CPU
	EndGlobalSection
	GlobalSection(SolutionProperties) = preSolution
		HideSolutionNode = FALSE
	EndGlobalSection
	GlobalSection(ExtensibilityGlobals) = postSolution
		SolutionGuid = {B942888C-E57B-4EEB-81E7-C3FA7AF558AB}
	EndGlobalSection
EndGlobal
