
Microsoft Visual Studio Solution File, Format Version 12.00
# Visual Studio Version 16
VisualStudioVersion = 25.0.1705.2
MinimumVisualStudioVersion = 10.0.40219.1
Project("{FAE04EC0-301F-11D3-BF4B-00C04F79EFBC}") = "ClassesAndObjects", "ClassesAndObjects\ClassesAndObjects.csproj", "{A81C409D-0ED3-45CE-AA9E-4E63B839B18F}"
EndProject
Global
	GlobalSection(SolutionConfigurationPlatforms) = preSolution
		Debug|Any CPU = Debug|Any CPU
		Release|Any CPU = Release|Any CPU
	EndGlobalSection
	GlobalSection(ProjectConfigurationPlatforms) = postSolution
		{A81C409D-0ED3-45CE-AA9E-4E63B839B18F}.Debug|Any CPU.ActiveCfg = Debug|Any CPU
		{A81C409D-0ED3-45CE-AA9E-4E63B839B18F}.Debug|Any CPU.Build.0 = Debug|Any CPU
		{A81C409D-0ED3-45CE-AA9E-4E63B839B18F}.Release|Any CPU.ActiveCfg = Release|Any CPU
		{A81C409D-0ED3-45CE-AA9E-4E63B839B18F}.Release|Any CPU.Build.0 = Release|Any CPU
	EndGlobalSection
	GlobalSection(SolutionProperties) = preSolution
		HideSolutionNode = FALSE
	EndGlobalSection
	GlobalSection(ExtensibilityGlobals) = postSolution
		SolutionGuid = {8DE1697F-3504-4789-8A22-7360CD5E7148}
	EndGlobalSection
EndGlobal
